
Microsoft Visual Studio Solution File, Format Version 12.00
# Visual Studio 15
VisualStudioVersion = 15.0.28307.421
MinimumVisualStudioVersion = 10.0.40219.1
Project("{FAE04EC0-301F-11D3-BF4B-00C04F79EFBC}") = "MVCparcial", "MVCparcial\MVCparcial.csproj", "{8417EFC2-BC3A-480B-9110-4FF7947C9A62}"
EndProject
Project("{FAE04EC0-301F-11D3-BF4B-00C04F79EFBC}") = "APIparcial", "APIparcial\APIparcial.csproj", "{937AC02D-91C0-4CCF-95E4-52E5966431F7}"
EndProject
Project("{FAE04EC0-301F-11D3-BF4B-00C04F79EFBC}") = "UTparcial", "UTparcial\UTparcial.csproj", "{2CE2AF5A-CA62-4779-B230-E4794031FCFE}"
EndProject
Global
	GlobalSection(SolutionConfigurationPlatforms) = preSolution
		Debug|Any CPU = Debug|Any CPU
		Release|Any CPU = Release|Any CPU
	EndGlobalSection
	GlobalSection(ProjectConfigurationPlatforms) = postSolution
		{8417EFC2-BC3A-480B-9110-4FF7947C9A62}.Debug|Any CPU.ActiveCfg = Debug|Any CPU
		{8417EFC2-BC3A-480B-9110-4FF7947C9A62}.Debug|Any CPU.Build.0 = Debug|Any CPU
		{8417EFC2-BC3A-480B-9110-4FF7947C9A62}.Release|Any CPU.ActiveCfg = Release|Any CPU
		{8417EFC2-BC3A-480B-9110-4FF7947C9A62}.Release|Any CPU.Build.0 = Release|Any CPU
		{937AC02D-91C0-4CCF-95E4-52E5966431F7}.Debug|Any CPU.ActiveCfg = Debug|Any CPU
		{937AC02D-91C0-4CCF-95E4-52E5966431F7}.Debug|Any CPU.Build.0 = Debug|Any CPU
		{937AC02D-91C0-4CCF-95E4-52E5966431F7}.Release|Any CPU.ActiveCfg = Release|Any CPU
		{937AC02D-91C0-4CCF-95E4-52E5966431F7}.Release|Any CPU.Build.0 = Release|Any CPU
		{2CE2AF5A-CA62-4779-B230-E4794031FCFE}.Debug|Any CPU.ActiveCfg = Debug|Any CPU
		{2CE2AF5A-CA62-4779-B230-E4794031FCFE}.Debug|Any CPU.Build.0 = Debug|Any CPU
		{2CE2AF5A-CA62-4779-B230-E4794031FCFE}.Release|Any CPU.ActiveCfg = Release|Any CPU
		{2CE2AF5A-CA62-4779-B230-E4794031FCFE}.Release|Any CPU.Build.0 = Release|Any CPU
	EndGlobalSection
	GlobalSection(SolutionProperties) = preSolution
		HideSolutionNode = FALSE
	EndGlobalSection
	GlobalSection(ExtensibilityGlobals) = postSolution
		SolutionGuid = {14E0725F-68F7-49AE-882F-ED2321D578E3}
	EndGlobalSection
EndGlobal
